
Microsoft Visual Studio Solution File, Format Version 12.00
# Visual Studio 15
VisualStudioVersion = 15.0.27703.2026
MinimumVisualStudioVersion = 10.0.40219.1
Project("{9A19103F-16F7-4668-BE54-9A1E7A4F7556}") = "Volyar", "Volyar\Volyar.csproj", "{AA6453FB-FE1F-449B-A78F-A434A7AEABD1}"
EndProject
Project("{9A19103F-16F7-4668-BE54-9A1E7A4F7556}") = "VolyExports", "VolyExports\VolyExports.csproj", "{E854C18D-66E3-418B-ABB5-EC0BEF99CF18}"
EndProject
Project("{9A19103F-16F7-4668-BE54-9A1E7A4F7556}") = "VolyConverter", "VolyConverter\VolyConverter.csproj", "{C3D40261-D812-442B-ABC5-50D4990750C8}"
EndProject
Project("{9A19103F-16F7-4668-BE54-9A1E7A4F7556}") = "VolyDatabase", "VolyDatabase\VolyDatabase.csproj", "{711CE7FF-36E7-4A21-ACA8-CCC15DE6E75E}"
EndProject
Project("{9A19103F-16F7-4668-BE54-9A1E7A4F7556}") = "VolyExternalApiAccess", "VolyExternalApiAccess\VolyExternalApiAccess.csproj", "{46BAB285-E791-4BFB-B468-2B7544E10DF9}"
EndProject
Project("{2150E333-8FDC-42A3-9474-1A3956D46DE8}") = "Tests", "Tests", "{DD6FB4E5-F310-4164-AA2F-3F8238E9C12A}"
EndProject
Project("{9A19103F-16F7-4668-BE54-9A1E7A4F7556}") = "VolyConverterTests", "Tests\VolyConverterTests\VolyConverterTests.csproj", "{57DC607B-9D7E-4762-BD50-C6D020A2642D}"
EndProject
Project("{9A19103F-16F7-4668-BE54-9A1E7A4F7556}") = "VolyDatabaseTests", "Tests\VolyDatabaseTests\VolyDatabaseTests.csproj", "{7FFF3A03-8EFD-4E47-B2CA-8E4747A08FA3}"
EndProject
Project("{9A19103F-16F7-4668-BE54-9A1E7A4F7556}") = "VolyExportsTests", "Tests\VolyExportsTests\VolyExportsTests.csproj", "{B7C463BD-A62A-4B41-9F43-DA4DC117459C}"
EndProject
Project("{9A19103F-16F7-4668-BE54-9A1E7A4F7556}") = "VolyExternalApiAccessTests", "Tests\VolyExternalApiAccessTests\VolyExternalApiAccessTests.csproj", "{6D6DA7E8-B7C7-4810-8314-BE0AE49CA09F}"
EndProject
Project("{9A19103F-16F7-4668-BE54-9A1E7A4F7556}") = "VolyFiles", "VolyFiles\VolyFiles.csproj", "{871089F5-04AE-4B88-85F9-7CF6D0710CFF}"
EndProject
Project("{FAE04EC0-301F-11D3-BF4B-00C04F79EFBC}") = "VolyTests", "VolyTests\VolyTests.csproj", "{B107542F-14A7-4A0B-AEF4-C883775156EE}"
EndProject
Global
	GlobalSection(SolutionConfigurationPlatforms) = preSolution
		Debug|Any CPU = Debug|Any CPU
		Release|Any CPU = Release|Any CPU
	EndGlobalSection
	GlobalSection(ProjectConfigurationPlatforms) = postSolution
		{AA6453FB-FE1F-449B-A78F-A434A7AEABD1}.Debug|Any CPU.ActiveCfg = Debug|Any CPU
		{AA6453FB-FE1F-449B-A78F-A434A7AEABD1}.Debug|Any CPU.Build.0 = Debug|Any CPU
		{AA6453FB-FE1F-449B-A78F-A434A7AEABD1}.Release|Any CPU.ActiveCfg = Release|Any CPU
		{AA6453FB-FE1F-449B-A78F-A434A7AEABD1}.Release|Any CPU.Build.0 = Release|Any CPU
		{E854C18D-66E3-418B-ABB5-EC0BEF99CF18}.Debug|Any CPU.ActiveCfg = Debug|Any CPU
		{E854C18D-66E3-418B-ABB5-EC0BEF99CF18}.Debug|Any CPU.Build.0 = Debug|Any CPU
		{E854C18D-66E3-418B-ABB5-EC0BEF99CF18}.Release|Any CPU.ActiveCfg = Release|Any CPU
		{E854C18D-66E3-418B-ABB5-EC0BEF99CF18}.Release|Any CPU.Build.0 = Release|Any CPU
		{C3D40261-D812-442B-ABC5-50D4990750C8}.Debug|Any CPU.ActiveCfg = Debug|Any CPU
		{C3D40261-D812-442B-ABC5-50D4990750C8}.Debug|Any CPU.Build.0 = Debug|Any CPU
		{C3D40261-D812-442B-ABC5-50D4990750C8}.Release|Any CPU.ActiveCfg = Release|Any CPU
		{C3D40261-D812-442B-ABC5-50D4990750C8}.Release|Any CPU.Build.0 = Release|Any CPU
		{711CE7FF-36E7-4A21-ACA8-CCC15DE6E75E}.Debug|Any CPU.ActiveCfg = Debug|Any CPU
		{711CE7FF-36E7-4A21-ACA8-CCC15DE6E75E}.Debug|Any CPU.Build.0 = Debug|Any CPU
		{711CE7FF-36E7-4A21-ACA8-CCC15DE6E75E}.Release|Any CPU.ActiveCfg = Release|Any CPU
		{711CE7FF-36E7-4A21-ACA8-CCC15DE6E75E}.Release|Any CPU.Build.0 = Release|Any CPU
		{46BAB285-E791-4BFB-B468-2B7544E10DF9}.Debug|Any CPU.ActiveCfg = Debug|Any CPU
		{46BAB285-E791-4BFB-B468-2B7544E10DF9}.Debug|Any CPU.Build.0 = Debug|Any CPU
		{46BAB285-E791-4BFB-B468-2B7544E10DF9}.Release|Any CPU.ActiveCfg = Release|Any CPU
		{46BAB285-E791-4BFB-B468-2B7544E10DF9}.Release|Any CPU.Build.0 = Release|Any CPU
		{57DC607B-9D7E-4762-BD50-C6D020A2642D}.Debug|Any CPU.ActiveCfg = Debug|Any CPU
		{57DC607B-9D7E-4762-BD50-C6D020A2642D}.Debug|Any CPU.Build.0 = Debug|Any CPU
		{57DC607B-9D7E-4762-BD50-C6D020A2642D}.Release|Any CPU.ActiveCfg = Release|Any CPU
		{57DC607B-9D7E-4762-BD50-C6D020A2642D}.Release|Any CPU.Build.0 = Release|Any CPU
		{7FFF3A03-8EFD-4E47-B2CA-8E4747A08FA3}.Debug|Any CPU.ActiveCfg = Debug|Any CPU
		{7FFF3A03-8EFD-4E47-B2CA-8E4747A08FA3}.Debug|Any CPU.Build.0 = Debug|Any CPU
		{7FFF3A03-8EFD-4E47-B2CA-8E4747A08FA3}.Release|Any CPU.ActiveCfg = Release|Any CPU
		{7FFF3A03-8EFD-4E47-B2CA-8E4747A08FA3}.Release|Any CPU.Build.0 = Release|Any CPU
		{B7C463BD-A62A-4B41-9F43-DA4DC117459C}.Debug|Any CPU.ActiveCfg = Debug|Any CPU
		{B7C463BD-A62A-4B41-9F43-DA4DC117459C}.Debug|Any CPU.Build.0 = Debug|Any CPU
		{B7C463BD-A62A-4B41-9F43-DA4DC117459C}.Release|Any CPU.ActiveCfg = Release|Any CPU
		{B7C463BD-A62A-4B41-9F43-DA4DC117459C}.Release|Any CPU.Build.0 = Release|Any CPU
		{6D6DA7E8-B7C7-4810-8314-BE0AE49CA09F}.Debug|Any CPU.ActiveCfg = Debug|Any CPU
		{6D6DA7E8-B7C7-4810-8314-BE0AE49CA09F}.Debug|Any CPU.Build.0 = Debug|Any CPU
		{6D6DA7E8-B7C7-4810-8314-BE0AE49CA09F}.Release|Any CPU.ActiveCfg = Release|Any CPU
		{6D6DA7E8-B7C7-4810-8314-BE0AE49CA09F}.Release|Any CPU.Build.0 = Release|Any CPU
		{871089F5-04AE-4B88-85F9-7CF6D0710CFF}.Debug|Any CPU.ActiveCfg = Debug|Any CPU
		{871089F5-04AE-4B88-85F9-7CF6D0710CFF}.Debug|Any CPU.Build.0 = Debug|Any CPU
		{871089F5-04AE-4B88-85F9-7CF6D0710CFF}.Release|Any CPU.ActiveCfg = Release|Any CPU
		{871089F5-04AE-4B88-85F9-7CF6D0710CFF}.Release|Any CPU.Build.0 = Release|Any CPU
		{B107542F-14A7-4A0B-AEF4-C883775156EE}.Debug|Any CPU.ActiveCfg = Debug|Any CPU
		{B107542F-14A7-4A0B-AEF4-C883775156EE}.Debug|Any CPU.Build.0 = Debug|Any CPU
		{B107542F-14A7-4A0B-AEF4-C883775156EE}.Release|Any CPU.ActiveCfg = Release|Any CPU
		{B107542F-14A7-4A0B-AEF4-C883775156EE}.Release|Any CPU.Build.0 = Release|Any CPU
	EndGlobalSection
	GlobalSection(SolutionProperties) = preSolution
		HideSolutionNode = FALSE
	EndGlobalSection
	GlobalSection(NestedProjects) = preSolution
		{57DC607B-9D7E-4762-BD50-C6D020A2642D} = {DD6FB4E5-F310-4164-AA2F-3F8238E9C12A}
		{7FFF3A03-8EFD-4E47-B2CA-8E4747A08FA3} = {DD6FB4E5-F310-4164-AA2F-3F8238E9C12A}
		{B7C463BD-A62A-4B41-9F43-DA4DC117459C} = {DD6FB4E5-F310-4164-AA2F-3F8238E9C12A}
		{6D6DA7E8-B7C7-4810-8314-BE0AE49CA09F} = {DD6FB4E5-F310-4164-AA2F-3F8238E9C12A}
		{B107542F-14A7-4A0B-AEF4-C883775156EE} = {DD6FB4E5-F310-4164-AA2F-3F8238E9C12A}
	EndGlobalSection
	GlobalSection(ExtensibilityGlobals) = postSolution
		SolutionGuid = {F9580549-AD89-4A48-AFE3-941AD05BA8FE}
	EndGlobalSection
EndGlobal
